
Microsoft Visual Studio Solution File, Format Version 15.00
# Visual Studio 2017
Project("{FAE04EC0-301F-11D3-BF4B-00C04F79EFBC}") = "Oogi2.Tests", "Oogi2.Tests.csproj", "{47896D47-624C-4604-8672-52EE20A83C3C}"
EndProject
Global
	GlobalSection(SolutionConfigurationPlatforms) = preSolution
		Debug|Any CPU = Debug|Any CPU
		Release|Any CPU = Release|Any CPU
	EndGlobalSection
	GlobalSection(ProjectConfigurationPlatforms) = postSolution
		{47896D47-624C-4604-8672-52EE20A83C3C}.Debug|Any CPU.ActiveCfg = Debug|Any CPU
		{47896D47-624C-4604-8672-52EE20A83C3C}.Debug|Any CPU.Build.0 = Debug|Any CPU
		{47896D47-624C-4604-8672-52EE20A83C3C}.Release|Any CPU.ActiveCfg = Release|Any CPU
		{47896D47-624C-4604-8672-52EE20A83C3C}.Release|Any CPU.Build.0 = Release|Any CPU
	EndGlobalSection
EndGlobal
